
Microsoft Visual Studio Solution File, Format Version 12.00
# Visual Studio Version 17
VisualStudioVersion = 17.11.35208.52
MinimumVisualStudioVersion = 10.0.40219.1
Project("{FAE04EC0-301F-11D3-BF4B-00C04F79EFBC}") = "Racing", "Racing\Racing.csproj", "{F5E330E5-96F4-4FB0-BE1C-0CED9CF06BAC}"
EndProject
Global
	GlobalSection(SolutionConfigurationPlatforms) = preSolution
		Debug|Any CPU = Debug|Any CPU
		Release|Any CPU = Release|Any CPU
	EndGlobalSection
	GlobalSection(ProjectConfigurationPlatforms) = postSolution
		{F5E330E5-96F4-4FB0-BE1C-0CED9CF06BAC}.Debug|Any CPU.ActiveCfg = Debug|Any CPU
		{F5E330E5-96F4-4FB0-BE1C-0CED9CF06BAC}.Debug|Any CPU.Build.0 = Debug|Any CPU
		{F5E330E5-96F4-4FB0-BE1C-0CED9CF06BAC}.Release|Any CPU.ActiveCfg = Release|Any CPU
		{F5E330E5-96F4-4FB0-BE1C-0CED9CF06BAC}.Release|Any CPU.Build.0 = Release|Any CPU
	EndGlobalSection
	GlobalSection(SolutionProperties) = preSolution
		HideSolutionNode = FALSE
	EndGlobalSection
	GlobalSection(ExtensibilityGlobals) = postSolution
		SolutionGuid = {1C6030A1-AFB6-4D5B-B48D-6FF6DE1FE5E6}
	EndGlobalSection
EndGlobal
